
Microsoft Visual Studio Solution File, Format Version 12.00
# Visual Studio 15
VisualStudioVersion = 15.0.28010.2019
MinimumVisualStudioVersion = 10.0.40219.1
Project("{8BC9CEB8-8B4A-11D0-8D11-00A0C91BC942}") = "YB_3_laba_Multythreading_Server", "YB_3_laba_Multythreading_Server\YB_3_laba_Multythreading_Server.vcxproj", "{20A8B6EC-3EE8-4875-8033-DDC8F8315425}"
EndProject
Global
	GlobalSection(SolutionConfigurationPlatforms) = preSolution
		Debug|x64 = Debug|x64
		Debug|x86 = Debug|x86
		Release|x64 = Release|x64
		Release|x86 = Release|x86
	EndGlobalSection
	GlobalSection(ProjectConfigurationPlatforms) = postSolution
		{20A8B6EC-3EE8-4875-8033-DDC8F8315425}.Debug|x64.ActiveCfg = Debug|x64
		{20A8B6EC-3EE8-4875-8033-DDC8F8315425}.Debug|x64.Build.0 = Debug|x64
		{20A8B6EC-3EE8-4875-8033-DDC8F8315425}.Debug|x86.ActiveCfg = Debug|Win32
		{20A8B6EC-3EE8-4875-8033-DDC8F8315425}.Debug|x86.Build.0 = Debug|Win32
		{20A8B6EC-3EE8-4875-8033-DDC8F8315425}.Release|x64.ActiveCfg = Release|x64
		{20A8B6EC-3EE8-4875-8033-DDC8F8315425}.Release|x64.Build.0 = Release|x64
		{20A8B6EC-3EE8-4875-8033-DDC8F8315425}.Release|x86.ActiveCfg = Release|Win32
		{20A8B6EC-3EE8-4875-8033-DDC8F8315425}.Release|x86.Build.0 = Release|Win32
	EndGlobalSection
	GlobalSection(SolutionProperties) = preSolution
		HideSolutionNode = FALSE
	EndGlobalSection
	GlobalSection(ExtensibilityGlobals) = postSolution
		SolutionGuid = {AF66A25A-52B7-459B-A575-F5803C4E3507}
	EndGlobalSection
EndGlobal
